
Microsoft Visual Studio Solution File, Format Version 12.00
# Visual Studio Version 17
VisualStudioVersion = 17.6.33829.357
MinimumVisualStudioVersion = 10.0.40219.1
Project("{9A19103F-16F7-4668-BE54-9A1E7A4F7556}") = "eTasks-web", "eTasks-web.csproj", "{F015BFEC-B7BE-4FFD-89A7-EF0D7C6EF760}"
EndProject
Global
	GlobalSection(SolutionConfigurationPlatforms) = preSolution
		Debug|Any CPU = Debug|Any CPU
		Release|Any CPU = Release|Any CPU
	EndGlobalSection
	GlobalSection(ProjectConfigurationPlatforms) = postSolution
		{F015BFEC-B7BE-4FFD-89A7-EF0D7C6EF760}.Debug|Any CPU.ActiveCfg = Debug|Any CPU
		{F015BFEC-B7BE-4FFD-89A7-EF0D7C6EF760}.Debug|Any CPU.Build.0 = Debug|Any CPU
		{F015BFEC-B7BE-4FFD-89A7-EF0D7C6EF760}.Release|Any CPU.ActiveCfg = Release|Any CPU
		{F015BFEC-B7BE-4FFD-89A7-EF0D7C6EF760}.Release|Any CPU.Build.0 = Release|Any CPU
	EndGlobalSection
	GlobalSection(SolutionProperties) = preSolution
		HideSolutionNode = FALSE
	EndGlobalSection
	GlobalSection(ExtensibilityGlobals) = postSolution
		SolutionGuid = {A21CAED9-CC75-4502-96B1-7379EB42AC84}
	EndGlobalSection
EndGlobal
